// !$*UTF8*$!
{
	archiveVersion = 1;
	classes = {
	};
	objectVersion = 50;
	objects = {

/* Begin PBXBuildFile section */
		7FCB1F4F24F2A711009FC40A /* AppDelegate.swift in Sources */ = {isa = PBXBuildFile; fileRef = 7FCB1F4E24F2A711009FC40A /* AppDelegate.swift */; };
		7FCB1F5124F2A711009FC40A /* SceneDelegate.swift in Sources */ = {isa = PBXBuildFile; fileRef = 7FCB1F5024F2A711009FC40A /* SceneDelegate.swift */; };
		7FCB1F5324F2A711009FC40A /* ViewController.swift in Sources */ = {isa = PBXBuildFile; fileRef = 7FCB1F5224F2A711009FC40A /* ViewController.swift */; };
		7FCB1F5624F2A711009FC40A /* Main.storyboard in Resources */ = {isa = PBXBuildFile; fileRef = 7FCB1F5424F2A711009FC40A /* Main.storyboard */; };
		7FCB1F5824F2A713009FC40A /* Assets.xcassets in Resources */ = {isa = PBXBuildFile; fileRef = 7FCB1F5724F2A713009FC40A /* Assets.xcassets */; };
		7FCB1F5B24F2A713009FC40A /* LaunchScreen.storyboard in Resources */ = {isa = PBXBuildFile; fileRef = 7FCB1F5924F2A713009FC40A /* LaunchScreen.storyboard */; };
		7FCB1F6624F2A713009FC40A /* tipTests.swift in Sources */ = {isa = PBXBuildFile; fileRef = 7FCB1F6524F2A713009FC40A /* tipTests.swift */; };
		7FCB1F7124F2A713009FC40A /* tipUITests.swift in Sources */ = {isa = PBXBuildFile; fileRef = 7FCB1F7024F2A713009FC40A /* tipUITests.swift */; };
/* End PBXBuildFile section */

/* Begin PBXContainerItemProxy section */
		7FCB1F6224F2A713009FC40A /* PBXContainerItemProxy */ = {
			isa = PBXContainerItemProxy;
			containerPortal = 7FCB1F4324F2A711009FC40A /* Project object */;
			proxyType = 1;
			remoteGlobalIDString = 7FCB1F4A24F2A711009FC40A;
			remoteInfo = tip;
		};
		7FCB1F6D24F2A713009FC40A /* PBXContainerItemProxy */ = {
			isa = PBXContainerItemProxy;
			containerPortal = 7FCB1F4324F2A711009FC40A /* Project object */;
			proxyType = 1;
			remoteGlobalIDString = 7FCB1F4A24F2A711009FC40A;
			remoteInfo = tip;
		};
/* End PBXContainerItemProxy section */

/* Begin PBXFileReference section */
		7FCB1F4B24F2A711009FC40A /* tip.app */ = {isa = PBXFileReference; explicitFileType = wrapper.application; includeInIndex = 0; path = tip.app; sourceTree = BUILT_PRODUCTS_DIR; };
		7FCB1F4E24F2A711009FC40A /* AppDelegate.swift */ = {isa = PBXFileReference; lastKnownFileType = sourcecode.swift; path = AppDelegate.swift; sourceTree = "<group>"; };
		7FCB1F5024F2A711009FC40A /* SceneDelegate.swift */ = {isa = PBXFileReference; lastKnownFileType = sourcecode.swift; path = SceneDelegate.swift; sourceTree = "<group>"; };
		7FCB1F5224F2A711009FC40A /* ViewController.swift */ = {isa = PBXFileReference; lastKnownFileType = sourcecode.swift; path = ViewController.swift; sourceTree = "<group>"; };
		7FCB1F5524F2A711009FC40A /* Base */ = {isa = PBXFileReference; lastKnownFileType = file.storyboard; name = Base; path = Base.lproj/Main.storyboard; sourceTree = "<group>"; };
		7FCB1F5724F2A713009FC40A /* Assets.xcassets */ = {isa = PBXFileReference; lastKnownFileType = folder.assetcatalog; path = Assets.xcassets; sourceTree = "<group>"; };
		7FCB1F5A24F2A713009FC40A /* Base */ = {isa = PBXFileReference; lastKnownFileType = file.storyboard; name = Base; path = Base.lproj/LaunchScreen.storyboard; sourceTree = "<group>"; };
		7FCB1F5C24F2A713009FC40A /* Info.plist */ = {isa = PBXFileReference; lastKnownFileType = text.plist.xml; path = Info.plist; sourceTree = "<group>"; };
		7FCB1F6124F2A713009FC40A /* tipTests.xctest */ = {isa = PBXFileReference; explicitFileType = wrapper.cfbundle; includeInIndex = 0; path = tipTests.xctest; sourceTree = BUILT_PRODUCTS_DIR; };
		7FCB1F6524F2A713009FC40A /* tipTests.swift */ = {isa = PBXFileReference; lastKnownFileType = sourcecode.swift; path = tipTests.swift; sourceTree = "<group>"; };
		7FCB1F6724F2A713009FC40A /* Info.plist */ = {isa = PBXFileReference; lastKnownFileType = text.plist.xml; path = Info.plist; sourceTree = "<group>"; };
		7FCB1F6C24F2A713009FC40A /* tipUITests.xctest */ = {isa = PBXFileReference; explicitFileType = wrapper.cfbundle; includeInIndex = 0; path = tipUITests.xctest; sourceTree = BUILT_PRODUCTS_DIR; };
		7FCB1F7024F2A713009FC40A /* tipUITests.swift */ = {isa = PBXFileReference; lastKnownFileType = sourcecode.swift; path = tipUITests.swift; sourceTree = "<group>"; };
		7FCB1F7224F2A713009FC40A /* Info.plist */ = {isa = PBXFileReference; lastKnownFileType = text.plist.xml; path = Info.plist; sourceTree = "<group>"; };
/* End PBXFileReference section */

/* Begin PBXFrameworksBuildPhase section */
		7FCB1F4824F2A711009FC40A /* Frameworks */ = {
			isa = PBXFrameworksBuildPhase;
			buildActionMask = 2147483647;
			files = (
			);
			runOnlyForDeploymentPostprocessing = 0;
		};
		7FCB1F5E24F2A713009FC40A /* Frameworks */ = {
			isa = PBXFrameworksBuildPhase;
			buildActionMask = 2147483647;
			files = (
			);
			runOnlyForDeploymentPostprocessing = 0;
		};
		7FCB1F6924F2A713009FC40A /* Frameworks */ = {
			isa = PBXFrameworksBuildPhase;
			buildActionMask = 2147483647;
			files = (
			);
			runOnlyForDeploymentPostprocessing = 0;
		};
/* End PBXFrameworksBuildPhase section */

/* Begin PBXGroup section */
		7FCB1F4224F2A711009FC40A = {
			isa = PBXGroup;
			children = (
				7FCB1F4D24F2A711009FC40A /* tip */,
				7FCB1F6424F2A713009FC40A /* tipTests */,
				7FCB1F6F24F2A713009FC40A /* tipUITests */,
				7FCB1F4C24F2A711009FC40A /* Products */,
			);
			sourceTree = "<group>";
		};
		7FCB1F4C24F2A711009FC40A /* Products */ = {
			isa = PBXGroup;
			children = (
				7FCB1F4B24F2A711009FC40A /* tip.app */,
				7FCB1F6124F2A713009FC40A /* tipTests.xctest */,
				7FCB1F6C24F2A713009FC40A /* tipUITests.xctest */,
			);
			name = Products;
			sourceTree = "<group>";
		};
		7FCB1F4D24F2A711009FC40A /* tip */ = {
			isa = PBXGroup;
			children = (
				7FCB1F4E24F2A711009FC40A /* AppDelegate.swift */,
				7FCB1F5024F2A711009FC40A /* SceneDelegate.swift */,
				7FCB1F5224F2A711009FC40A /* ViewController.swift */,
				7FCB1F5424F2A711009FC40A /* Main.storyboard */,
				7FCB1F5724F2A713009FC40A /* Assets.xcassets */,
				7FCB1F5924F2A713009FC40A /* LaunchScreen.storyboard */,
				7FCB1F5C24F2A713009FC40A /* Info.plist */,
			);
			path = tip;
			sourceTree = "<group>";
		};
		7FCB1F6424F2A713009FC40A /* tipTests */ = {
			isa = PBXGroup;
			children = (
				7FCB1F6524F2A713009FC40A /* tipTests.swift */,
				7FCB1F6724F2A713009FC40A /* Info.plist */,
			);
			path = tipTests;
			sourceTree = "<group>";
		};
		7FCB1F6F24F2A713009FC40A /* tipUITests */ = {
			isa = PBXGroup;
			children = (
				7FCB1F7024F2A713009FC40A /* tipUITests.swift */,
				7FCB1F7224F2A713009FC40A /* Info.plist */,
			);
			path = tipUITests;
			sourceTree = "<group>";
		};
/* End PBXGroup section */

/* Begin PBXNativeTarget section */
		7FCB1F4A24F2A711009FC40A /* tip */ = {
			isa = PBXNativeTarget;
			buildConfigurationList = 7FCB1F7524F2A713009FC40A /* Build configuration list for PBXNativeTarget "tip" */;
			buildPhases = (
				7FCB1F4724F2A711009FC40A /* Sources */,
				7FCB1F4824F2A711009FC40A /* Frameworks */,
				7FCB1F4924F2A711009FC40A /* Resources */,
			);
			buildRules = (
			);
			dependencies = (
			);
			name = tip;
			productName = tip;
			productReference = 7FCB1F4B24F2A711009FC40A /* tip.app */;
			productType = "com.apple.product-type.application";
		};
		7FCB1F6024F2A713009FC40A /* tipTests */ = {
			isa = PBXNativeTarget;
			buildConfigurationList = 7FCB1F7824F2A713009FC40A /* Build configuration list for PBXNativeTarget "tipTests" */;
			buildPhases = (
				7FCB1F5D24F2A713009FC40A /* Sources */,
				7FCB1F5E24F2A713009FC40A /* Frameworks */,
				7FCB1F5F24F2A713009FC40A /* Resources */,
			);
			buildRules = (
			);
			dependencies = (
				7FCB1F6324F2A713009FC40A /* PBXTargetDependency */,
			);
			name = tipTests;
			productName = tipTests;
			productReference = 7FCB1F6124F2A713009FC40A /* tipTests.xctest */;
			productType = "com.apple.product-type.bundle.unit-test";
		};
		7FCB1F6B24F2A713009FC40A /* tipUITests */ = {
			isa = PBXNativeTarget;
			buildConfigurationList = 7FCB1F7B24F2A713009FC40A /* Build configuration list for PBXNativeTarget "tipUITests" */;
			buildPhases = (
				7FCB1F6824F2A713009FC40A /* Sources */,
				7FCB1F6924F2A713009FC40A /* Frameworks */,
				7FCB1F6A24F2A713009FC40A /* Resources */,
			);
			buildRules = (
			);
			dependencies = (
				7FCB1F6E24F2A713009FC40A /* PBXTargetDependency */,
			);
			name = tipUITests;
			productName = tipUITests;
			productReference = 7FCB1F6C24F2A713009FC40A /* tipUITests.xctest */;
			productType = "com.apple.product-type.bundle.ui-testing";
		};
/* End PBXNativeTarget section */

/* Begin PBXProject section */
		7FCB1F4324F2A711009FC40A /* Project object */ = {
			isa = PBXProject;
			attributes = {
				LastSwiftUpdateCheck = 1160;
				LastUpgradeCheck = 1160;
				ORGANIZATIONNAME = Codepath;
				TargetAttributes = {
					7FCB1F4A24F2A711009FC40A = {
						CreatedOnToolsVersion = 11.6;
					};
					7FCB1F6024F2A713009FC40A = {
						CreatedOnToolsVersion = 11.6;
						TestTargetID = 7FCB1F4A24F2A711009FC40A;
					};
					7FCB1F6B24F2A713009FC40A = {
						CreatedOnToolsVersion = 11.6;
						TestTargetID = 7FCB1F4A24F2A711009FC40A;
					};
				};
			};
			buildConfigurationList = 7FCB1F4624F2A711009FC40A /* Build configuration list for PBXProject "tip" */;
			compatibilityVersion = "Xcode 9.3";
			developmentRegion = en;
			hasScannedForEncodings = 0;
			knownRegions = (
				en,
				Base,
			);
			mainGroup = 7FCB1F4224F2A711009FC40A;
			productRefGroup = 7FCB1F4C24F2A711009FC40A /* Products */;
			projectDirPath = "";
			projectRoot = "";
			targets = (
				7FCB1F4A24F2A711009FC40A /* tip */,
				7FCB1F6024F2A713009FC40A /* tipTests */,
				7FCB1F6B24F2A713009FC40A /* tipUITests */,
			);
		};
/* End PBXProject section */

/* Begin PBXResourcesBuildPhase section */
		7FCB1F4924F2A711009FC40A /* Resources */ = {
			isa = PBXResourcesBuildPhase;
			buildActionMask = 2147483647;
			files = (
				7FCB1F5B24F2A713009FC40A /* LaunchScreen.storyboard in Resources */,
				7FCB1F5824F2A713009FC40A /* Assets.xcassets in Resources */,
				7FCB1F5624F2A711009FC40A /* Main.storyboard in Resources */,
			);
			runOnlyForDeploymentPostprocessing = 0;
		};
		7FCB1F5F24F2A713009FC40A /* Resources */ = {
			isa = PBXResourcesBuildPhase;
			buildActionMask = 2147483647;
			files = (
			);
			runOnlyForDeploymentPostprocessing = 0;
		};
		7FCB1F6A24F2A713009FC40A /* Resources */ = {
			isa = PBXResourcesBuildPhase;
			buildActionMask = 2147483647;
			files = (
			);
			runOnlyForDeploymentPostprocessing = 0;
		};
/* End PBXResourcesBuildPhase section */

/* Begin PBXSourcesBuildPhase section */
		7FCB1F4724F2A711009FC40A /* Sources */ = {
			isa = PBXSourcesBuildPhase;
			buildActionMask = 2147483647;
			files = (
				7FCB1F5324F2A711009FC40A /* ViewController.swift in Sources */,
				7FCB1F4F24F2A711009FC40A /* AppDelegate.swift in Sources */,
				7FCB1F5124F2A711009FC40A /* SceneDelegate.swift in Sources */,
			);
			runOnlyForDeploymentPostprocessing = 0;
		};
		7FCB1F5D24F2A713009FC40A /* Sources */ = {
			isa = PBXSourcesBuildPhase;
			buildActionMask = 2147483647;
			files = (
				7FCB1F6624F2A713009FC40A /* tipTests.swift in Sources */,
			);
			runOnlyForDeploymentPostprocessing = 0;
		};
		7FCB1F6824F2A713009FC40A /* Sources */ = {
			isa = PBXSourcesBuildPhase;
			buildActionMask = 2147483647;
			files = (
				7FCB1F7124F2A713009FC40A /* tipUITests.swift in Sources */,
			);
			runOnlyForDeploymentPostprocessing = 0;
		};
/* End PBXSourcesBuildPhase section */

/* Begin PBXTargetDependency section */
		7FCB1F6324F2A713009FC40A /* PBXTargetDependency */ = {
			isa = PBXTargetDependency;
			target = 7FCB1F4A24F2A711009FC40A /* tip */;
			targetProxy = 7FCB1F6224F2A713009FC40A /* PBXContainerItemProxy */;
		};
		7FCB1F6E24F2A713009FC40A /* PBXTargetDependency */ = {
			isa = PBXTargetDependency;
			target = 7FCB1F4A24F2A711009FC40A /* tip */;
			targetProxy = 7FCB1F6D24F2A713009FC40A /* PBXContainerItemProxy */;
		};
/* End PBXTargetDependency section */

/* Begin PBXVariantGroup section */
		7FCB1F5424F2A711009FC40A /* Main.storyboard */ = {
			isa = PBXVariantGroup;
			children = (
				7FCB1F5524F2A711009FC40A /* Base */,
			);
			name = Main.storyboard;
			sourceTree = "<group>";
		};
		7FCB1F5924F2A713009FC40A /* LaunchScreen.storyboard */ = {
			isa = PBXVariantGroup;
			children = (
				7FCB1F5A24F2A713009FC40A /* Base */,
			);
			name = LaunchScreen.storyboard;
			sourceTree = "<group>";
		};
/* End PBXVariantGroup section */

/* Begin XCBuildConfiguration section */
		7FCB1F7324F2A713009FC40A /* Debug */ = {
			isa = XCBuildConfiguration;
			buildSettings = {
				ALWAYS_SEARCH_USER_PATHS = NO;
				CLANG_ANALYZER_NONNULL = YES;
				CLANG_ANALYZER_NUMBER_OBJECT_CONVERSION = YES_AGGRESSIVE;
				CLANG_CXX_LANGUAGE_STANDARD = "gnu++14";
				CLANG_CXX_LIBRARY = "libc++";
				CLANG_ENABLE_MODULES = YES;
				CLANG_ENABLE_OBJC_ARC = YES;
				CLANG_ENABLE_OBJC_WEAK = YES;
				CLANG_WARN_BLOCK_CAPTURE_AUTORELEASING = YES;
				CLANG_WARN_BOOL_CONVERSION = YES;
				CLANG_WARN_COMMA = YES;
				CLANG_WARN_CONSTANT_CONVERSION = YES;
				CLANG_WARN_DEPRECATED_OBJC_IMPLEMENTATIONS = YES;
				CLANG_WARN_DIRECT_OBJC_ISA_USAGE = YES_ERROR;
				CLANG_WARN_DOCUMENTATION_COMMENTS = YES;
				CLANG_WARN_EMPTY_BODY = YES;
				CLANG_WARN_ENUM_CONVERSION = YES;
				CLANG_WARN_INFINITE_RECURSION = YES;
				CLANG_WARN_INT_CONVERSION = YES;
				CLANG_WARN_NON_LITERAL_NULL_CONVERSION = YES;
				CLANG_WARN_OBJC_IMPLICIT_RETAIN_SELF = YES;
				CLANG_WARN_OBJC_LITERAL_CONVERSION = YES;
				CLANG_WARN_OBJC_ROOT_CLASS = YES_ERROR;
				CLANG_WARN_RANGE_LOOP_ANALYSIS = YES;
				CLANG_WARN_STRICT_PROTOTYPES = YES;
				CLANG_WARN_SUSPICIOUS_MOVE = YES;
				CLANG_WARN_UNGUARDED_AVAILABILITY = YES_AGGRESSIVE;
				CLANG_WARN_UNREACHABLE_CODE = YES;
				CLANG_WARN__DUPLICATE_METHOD_MATCH = YES;
				COPY_PHASE_STRIP = NO;
				DEBUG_INFORMATION_FORMAT = dwarf;
				ENABLE_STRICT_OBJC_MSGSEND = YES;
				ENABLE_TESTABILITY = YES;
				GCC_C_LANGUAGE_STANDARD = gnu11;
				GCC_DYNAMIC_NO_PIC = NO;
				GCC_NO_COMMON_BLOCKS = YES;
				GCC_OPTIMIZATION_LEVEL = 0;
				GCC_PREPROCESSOR_DEFINITIONS = (
					"DEBUG=1",
					"$(inherited)",
				);
				GCC_WARN_64_TO_32_BIT_CONVERSION = YES;
				GCC_WARN_ABOUT_RETURN_TYPE = YES_ERROR;
				GCC_WARN_UNDECLARED_SELECTOR = YES;
				GCC_WARN_UNINITIALIZED_AUTOS = YES_AGGRESSIVE;
				GCC_WARN_UNUSED_FUNCTION = YES;
				GCC_WARN_UNUSED_VARIABLE = YES;
				IPHONEOS_DEPLOYMENT_TARGET = 13.6;
				MTL_ENABLE_DEBUG_INFO = INCLUDE_SOURCE;
				MTL_FAST_MATH = YES;
				ONLY_ACTIVE_ARCH = YES;
				SDKROOT = iphoneos;
				SWIFT_ACTIVE_COMPILATION_CONDITIONS = DEBUG;
				SWIFT_OPTIMIZATION_LEVEL = "-Onone";
			};
			name = Debug;
		};
		7FCB1F7424F2A713009FC40A /* Release */ = {
			isa = XCBuildConfiguration;
			buildSettings = {
				ALWAYS_SEARCH_USER_PATHS = NO;
				CLANG_ANALYZER_NONNULL = YES;
				CLANG_ANALYZER_NUMBER_OBJECT_CONVERSION = YES_AGGRESSIVE;
				CLANG_CXX_LANGUAGE_STANDARD = "gnu++14";
				CLANG_CXX_LIBRARY = "libc++";
				CLANG_ENABLE_MODULES = YES;
				CLANG_ENABLE_OBJC_ARC = YES;
				CLANG_ENABLE_OBJC_WEAK = YES;
				CLANG_WARN_BLOCK_CAPTURE_AUTORELEASING = YES;
				CLANG_WARN_BOOL_CONVERSION = YES;
				CLANG_WARN_COMMA = YES;
				CLANG_WARN_CONSTANT_CONVERSION = YES;
				CLANG_WARN_DEPRECATED_OBJC_IMPLEMENTATIONS = YES;
				CLANG_WARN_DIRECT_OBJC_ISA_USAGE = YES_ERROR;
				CLANG_WARN_DOCUMENTATION_COMMENTS = YES;
				CLANG_WARN_EMPTY_BODY = YES;
				CLANG_WARN_ENUM_CONVERSION = YES;
				CLANG_WARN_INFINITE_RECURSION = YES;
				CLANG_WARN_INT_CONVERSION = YES;
				CLANG_WARN_NON_LITERAL_NULL_CONVERSION = YES;
				CLANG_WARN_OBJC_IMPLICIT_RETAIN_SELF = YES;
				CLANG_WARN_OBJC_LITERAL_CONVERSION = YES;
				CLANG_WARN_OBJC_ROOT_CLASS = YES_ERROR;
				CLANG_WARN_RANGE_LOOP_ANALYSIS = YES;
				CLANG_WARN_STRICT_PROTOTYPES = YES;
				CLANG_WARN_SUSPICIOUS_MOVE = YES;
				CLANG_WARN_UNGUARDED_AVAILABILITY = YES_AGGRESSIVE;
				CLANG_WARN_UNREACHABLE_CODE = YES;
				CLANG_WARN__DUPLICATE_METHOD_MATCH = YES;
				COPY_PHASE_STRIP = NO;
				DEBUG_INFORMATION_FORMAT = "dwarf-with-dsym";
				ENABLE_NS_ASSERTIONS = NO;
				ENABLE_STRICT_OBJC_MSGSEND = YES;
				GCC_C_LANGUAGE_STANDARD = gnu11;
				GCC_NO_COMMON_BLOCKS = YES;
				GCC_WARN_64_TO_32_BIT_CONVERSION = YES;
				GCC_WARN_ABOUT_RETURN_TYPE = YES_ERROR;
				GCC_WARN_UNDECLARED_SELECTOR = YES;
				GCC_WARN_UNINITIALIZED_AUTOS = YES_AGGRESSIVE;
				GCC_WARN_UNUSED_FUNCTION = YES;
				GCC_WARN_UNUSED_VARIABLE = YES;
				IPHONEOS_DEPLOYMENT_TARGET = 13.6;
				MTL_ENABLE_DEBUG_INFO = NO;
				MTL_FAST_MATH = YES;
				SDKROOT = iphoneos;
				SWIFT_COMPILATION_MODE = wholemodule;
				SWIFT_OPTIMIZATION_LEVEL = "-O";
				VALIDATE_PRODUCT = YES;
			};
			name = Release;
		};
		7FCB1F7624F2A713009FC40A /* Debug */ = {
			isa = XCBuildConfiguration;
			buildSettings = {
				ASSETCATALOG_COMPILER_APPICON_NAME = AppIcon;
				CODE_SIGN_STYLE = Automatic;
				INFOPLIST_FILE = tip/Info.plist;
				LD_RUNPATH_SEARCH_PATHS = (
					"$(inherited)",
					"@executable_path/Frameworks",
				);
				PRODUCT_BUNDLE_IDENTIFIER = Codepath.tip;
				PRODUCT_NAME = "$(TARGET_NAME)";
				SWIFT_VERSION = 5.0;
				TARGETED_DEVICE_FAMILY = "1,2";
			};
			name = Debug;
		};
		7FCB1F7724F2A713009FC40A /* Release */ = {
			isa = XCBuildConfiguration;
			buildSettings = {
				ASSETCATALOG_COMPILER_APPICON_NAME = AppIcon;
				CODE_SIGN_STYLE = Automatic;
				INFOPLIST_FILE = tip/Info.plist;
				LD_RUNPATH_SEARCH_PATHS = (
					"$(inherited)",
					"@executable_path/Frameworks",
				);
				PRODUCT_BUNDLE_IDENTIFIER = Codepath.tip;
				PRODUCT_NAME = "$(TARGET_NAME)";
				SWIFT_VERSION = 5.0;
				TARGETED_DEVICE_FAMILY = "1,2";
			};
			name = Release;
		};
		7FCB1F7924F2A713009FC40A /* Debug */ = {
			isa = XCBuildConfiguration;
			buildSettings = {
				ALWAYS_EMBED_SWIFT_STANDARD_LIBRARIES = YES;
				BUNDLE_LOADER = "$(TEST_HOST)";
				CODE_SIGN_STYLE = Automatic;
				INFOPLIST_FILE = tipTests/Info.plist;
				IPHONEOS_DEPLOYMENT_TARGET = 13.6;
				LD_RUNPATH_SEARCH_PATHS = (
					"$(inherited)",
					"@executable_path/Frameworks",
					"@loader_path/Frameworks",
				);
				PRODUCT_BUNDLE_IDENTIFIER = Codepath.tipTests;
				PRODUCT_NAME = "$(TARGET_NAME)";
				SWIFT_VERSION = 5.0;
				TARGETED_DEVICE_FAMILY = "1,2";
				TEST_HOST = "$(BUILT_PRODUCTS_DIR)/tip.app/tip";
			};
			name = Debug;
		};
		7FCB1F7A24F2A713009FC40A /* Release */ = {
			isa = XCBuildConfiguration;
			buildSettings = {
				ALWAYS_EMBED_SWIFT_STANDARD_LIBRARIES = YES;
				BUNDLE_LOADER = "$(TEST_HOST)";
				CODE_SIGN_STYLE = Automatic;
				INFOPLIST_FILE = tipTests/Info.plist;
				IPHONEOS_DEPLOYMENT_TARGET = 13.6;
				LD_RUNPATH_SEARCH_PATHS = (
					"$(inherited)",
					"@executable_path/Frameworks",
					"@loader_path/Frameworks",
				);
				PRODUCT_BUNDLE_IDENTIFIER = Codepath.tipTests;
				PRODUCT_NAME = "$(TARGET_NAME)";
				SWIFT_VERSION = 5.0;
				TARGETED_DEVICE_FAMILY = "1,2";
				TEST_HOST = "$(BUILT_PRODUCTS_DIR)/tip.app/tip";
			};
			name = Release;
		};
		7FCB1F7C24F2A713009FC40A /* Debug */ = {
			isa = XCBuildConfiguration;
			buildSettings = {
				ALWAYS_EMBED_SWIFT_STANDARD_LIBRARIES = YES;
				CODE_SIGN_STYLE = Automatic;
				INFOPLIST_FILE = tipUITests/Info.plist;
				LD_RUNPATH_SEARCH_PATHS = (
					"$(inherited)",
					"@executable_path/Frameworks",
					"@loader_path/Frameworks",
				);
				PRODUCT_BUNDLE_IDENTIFIER = Codepath.tipUITests;
				PRODUCT_NAME = "$(TARGET_NAME)";
				SWIFT_VERSION = 5.0;
				TARGETED_DEVICE_FAMILY = "1,2";
				TEST_TARGET_NAME = tip;
			};
			name = Debug;
		};
		7FCB1F7D24F2A713009FC40A /* Release */ = {
			isa = XCBuildConfiguration;
			buildSettings = {
				ALWAYS_EMBED_SWIFT_STANDARD_LIBRARIES = YES;
				CODE_SIGN_STYLE = Automatic;
				INFOPLIST_FILE = tipUITests/Info.plist;
				LD_RUNPATH_SEARCH_PATHS = (
					"$(inherited)",
					"@executable_path/Frameworks",
					"@loader_path/Frameworks",
				);
				PRODUCT_BUNDLE_IDENTIFIER = Codepath.tipUITests;
				PRODUCT_NAME = "$(TARGET_NAME)";
				SWIFT_VERSION = 5.0;
				TARGETED_DEVICE_FAMILY = "1,2";
				TEST_TARGET_NAME = tip;
			};
			name = Release;
		};
/* End XCBuildConfiguration section */

/* Begin XCConfigurationList section */
		7FCB1F4624F2A711009FC40A /* Build configuration list for PBXProject "tip" */ = {
			isa = XCConfigurationList;
			buildConfigurations = (
				7FCB1F7324F2A713009FC40A /* Debug */,
				7FCB1F7424F2A713009FC40A /* Release */,
			);
			defaultConfigurationIsVisible = 0;
			defaultConfigurationName = Release;
		};
		7FCB1F7524F2A713009FC40A /* Build configuration list for PBXNativeTarget "tip" */ = {
			isa = XCConfigurationList;
			buildConfigurations = (
				7FCB1F7624F2A713009FC40A /* Debug */,
				7FCB1F7724F2A713009FC40A /* Release */,
			);
			defaultConfigurationIsVisible = 0;
			defaultConfigurationName = Release;
		};
		7FCB1F7824F2A713009FC40A /* Build configuration list for PBXNativeTarget "tipTests" */ = {
			isa = XCConfigurationList;
			buildConfigurations = (
				7FCB1F7924F2A713009FC40A /* Debug */,
				7FCB1F7A24F2A713009FC40A /* Release */,
			);
			defaultConfigurationIsVisible = 0;
			defaultConfigurationName = Release;
		};
		7FCB1F7B24F2A713009FC40A /* Build configuration list for PBXNativeTarget "tipUITests" */ = {
			isa = XCConfigurationList;
			buildConfigurations = (
				7FCB1F7C24F2A713009FC40A /* Debug */,
				7FCB1F7D24F2A713009FC40A /* Release */,
			);
			defaultConfigurationIsVisible = 0;
			defaultConfigurationName = Release;
		};
/* End XCConfigurationList section */
	};
	rootObject = 7FCB1F4324F2A711009FC40A /* Project object */;
}
